dependencies:
- name: cpp-api
  repository: file://../cpp-api
  version: 0.1.0
- name: cpp-worker
  repository: file://../cpp-worker
  version: 0.1.0
- name: cpp-frontend
  repository: file://../cpp-frontend
  version: 0.1.0
digest: sha256:b61b3cf36d854c8ee080637a6741c265023514d38a39b0980414927350ed75c0
generated: "2026-06-20T10:27:16.695397+03:00"
